
Microsoft Visual Studio Solution File, Format Version 12.00
# Visual Studio Version 16
VisualStudioVersion = 16.0.29025.244
MinimumVisualStudioVersion = 10.0.40219.1
Project("{2150E333-8FDC-42A3-9474-1A3956D46DE8}") = "SOLID", "SOLID", "{29C9DE89-757B-4B5F-A6F5-D05F7B049B63}"
EndProject
Project("{2150E333-8FDC-42A3-9474-1A3956D46DE8}") = "SRP", "SRP", "{3ED4B99A-72C1-4399-8E35-9969F78080F5}"
EndProject
Project("{9A19103F-16F7-4668-BE54-9A1E7A4F7556}") = "SRP_Before", "SRP_Before\SRP_Before.csproj", "{9ACDF764-09F7-41AE-9306-4250292B3929}"
EndProject
Project("{9A19103F-16F7-4668-BE54-9A1E7A4F7556}") = "SRP_After", "SRP_After\SRP_After.csproj", "{CD3CA40D-8919-4EF8-B0A3-BEBDA9179355}"
EndProject
Project("{2150E333-8FDC-42A3-9474-1A3956D46DE8}") = "OCP", "OCP", "{07587CBA-E4A4-417F-A158-04288DDF5786}"
EndProject
Project("{9A19103F-16F7-4668-BE54-9A1E7A4F7556}") = "OCP_Before", "OCP_Before\OCP_Before.csproj", "{6EAD030A-666F-4120-9A44-BCFEFDDEFEC9}"
EndProject
Project("{9A19103F-16F7-4668-BE54-9A1E7A4F7556}") = "OCP_After", "OCP_After\OCP_After.csproj", "{9E784025-A005-43EF-8FCF-326C98E65977}"
EndProject
Project("{2150E333-8FDC-42A3-9474-1A3956D46DE8}") = "LSP", "LSP", "{F979B0C0-683A-4434-BEDA-95018424C356}"
EndProject
Project("{9A19103F-16F7-4668-BE54-9A1E7A4F7556}") = "LSP_Before", "LSP_Before\LSP_Before.csproj", "{FB31BE9E-8437-4D60-BF36-9DDB2A5A19C3}"
EndProject
Project("{9A19103F-16F7-4668-BE54-9A1E7A4F7556}") = "LSP_After", "LSP_After\LSP_After.csproj", "{61DB01E5-DCB9-4546-AA0F-BDF8B1B99B98}"
EndProject
Project("{2150E333-8FDC-42A3-9474-1A3956D46DE8}") = "ISP", "ISP", "{34A2AA6D-13DC-46F1-A52C-FD05596C4BF4}"
EndProject
Project("{9A19103F-16F7-4668-BE54-9A1E7A4F7556}") = "InterfaceSegregration", "InterfaceSegregration\InterfaceSegregration.csproj", "{8AA1FA18-6373-48AA-819C-7460D1761836}"
EndProject
Project("{2150E333-8FDC-42A3-9474-1A3956D46DE8}") = "DIP", "DIP", "{D553B3B9-5518-4027-A37E-34C3C4020A20}"
EndProject
Project("{9A19103F-16F7-4668-BE54-9A1E7A4F7556}") = "DIP_Before", "DIP_Before\DIP_Before.csproj", "{185320D0-616C-4B8A-A9A7-64ED0500F183}"
EndProject
Project("{9A19103F-16F7-4668-BE54-9A1E7A4F7556}") = "DIP_After", "DIP_After\DIP_After.csproj", "{4AFC8C9C-5998-492C-8A2C-7906EDFD7EC7}"
EndProject
Project("{2150E333-8FDC-42A3-9474-1A3956D46DE8}") = "OO_Patterns", "OO_Patterns", "{F82B6688-5307-4BC6-8433-BAEEA8474B2A}"
EndProject
Project("{9A19103F-16F7-4668-BE54-9A1E7A4F7556}") = "OO_Patterns", "Branching_Before\OO_Patterns.csproj", "{56346568-D3BD-4648-9950-752C73E7C58B}"
EndProject
Project("{9A19103F-16F7-4668-BE54-9A1E7A4F7556}") = "OO_Patterns_Tests", "OO_Patterns_Tests\OO_Patterns_Tests.csproj", "{6543EC32-D808-4BA7-ADC7-263083070AEA}"
EndProject
Project("{2150E333-8FDC-42A3-9474-1A3956D46DE8}") = "Code_For_Humans", "Code_For_Humans", "{DA385295-009A-46B2-9AD4-FCA948C6FD7F}"
EndProject
Project("{FAE04EC0-301F-11D3-BF4B-00C04F79EFBC}") = "Code_For_Humans", "Code_For_Humans\Code_For_Humans.csproj", "{58E985A1-1D74-4F1B-9BE6-6C4967A9602D}"
EndProject
Project("{FAE04EC0-301F-11D3-BF4B-00C04F79EFBC}") = "DesignPatterns", "DesignPatterns\DesignPatterns.csproj", "{86267B7C-A35D-487A-ABA7-0E66A37A27FC}"
EndProject
Global
	GlobalSection(SolutionConfigurationPlatforms) = preSolution
		Debug|Any CPU = Debug|Any CPU
		Release|Any CPU = Release|Any CPU
	EndGlobalSection
	GlobalSection(ProjectConfigurationPlatforms) = postSolution
		{9ACDF764-09F7-41AE-9306-4250292B3929}.Debug|Any CPU.ActiveCfg = Debug|Any CPU
		{9ACDF764-09F7-41AE-9306-4250292B3929}.Debug|Any CPU.Build.0 = Debug|Any CPU
		{9ACDF764-09F7-41AE-9306-4250292B3929}.Release|Any CPU.ActiveCfg = Release|Any CPU
		{9ACDF764-09F7-41AE-9306-4250292B3929}.Release|Any CPU.Build.0 = Release|Any CPU
		{CD3CA40D-8919-4EF8-B0A3-BEBDA9179355}.Debug|Any CPU.ActiveCfg = Debug|Any CPU
		{CD3CA40D-8919-4EF8-B0A3-BEBDA9179355}.Debug|Any CPU.Build.0 = Debug|Any CPU
		{CD3CA40D-8919-4EF8-B0A3-BEBDA9179355}.Release|Any CPU.ActiveCfg = Release|Any CPU
		{CD3CA40D-8919-4EF8-B0A3-BEBDA9179355}.Release|Any CPU.Build.0 = Release|Any CPU
		{6EAD030A-666F-4120-9A44-BCFEFDDEFEC9}.Debug|Any CPU.ActiveCfg = Debug|Any CPU
		{6EAD030A-666F-4120-9A44-BCFEFDDEFEC9}.Debug|Any CPU.Build.0 = Debug|Any CPU
		{6EAD030A-666F-4120-9A44-BCFEFDDEFEC9}.Release|Any CPU.ActiveCfg = Release|Any CPU
		{6EAD030A-666F-4120-9A44-BCFEFDDEFEC9}.Release|Any CPU.Build.0 = Release|Any CPU
		{9E784025-A005-43EF-8FCF-326C98E65977}.Debug|Any CPU.ActiveCfg = Debug|Any CPU
		{9E784025-A005-43EF-8FCF-326C98E65977}.Debug|Any CPU.Build.0 = Debug|Any CPU
		{9E784025-A005-43EF-8FCF-326C98E65977}.Release|Any CPU.ActiveCfg = Release|Any CPU
		{9E784025-A005-43EF-8FCF-326C98E65977}.Release|Any CPU.Build.0 = Release|Any CPU
		{FB31BE9E-8437-4D60-BF36-9DDB2A5A19C3}.Debug|Any CPU.ActiveCfg = Debug|Any CPU
		{FB31BE9E-8437-4D60-BF36-9DDB2A5A19C3}.Debug|Any CPU.Build.0 = Debug|Any CPU
		{FB31BE9E-8437-4D60-BF36-9DDB2A5A19C3}.Release|Any CPU.ActiveCfg = Release|Any CPU
		{FB31BE9E-8437-4D60-BF36-9DDB2A5A19C3}.Release|Any CPU.Build.0 = Release|Any CPU
		{61DB01E5-DCB9-4546-AA0F-BDF8B1B99B98}.Debug|Any CPU.ActiveCfg = Debug|Any CPU
		{61DB01E5-DCB9-4546-AA0F-BDF8B1B99B98}.Debug|Any CPU.Build.0 = Debug|Any CPU
		{61DB01E5-DCB9-4546-AA0F-BDF8B1B99B98}.Release|Any CPU.ActiveCfg = Release|Any CPU
		{61DB01E5-DCB9-4546-AA0F-BDF8B1B99B98}.Release|Any CPU.Build.0 = Release|Any CPU
		{8AA1FA18-6373-48AA-819C-7460D1761836}.Debug|Any CPU.ActiveCfg = Debug|Any CPU
		{8AA1FA18-6373-48AA-819C-7460D1761836}.Debug|Any CPU.Build.0 = Debug|Any CPU
		{8AA1FA18-6373-48AA-819C-7460D1761836}.Release|Any CPU.ActiveCfg = Release|Any CPU
		{8AA1FA18-6373-48AA-819C-7460D1761836}.Release|Any CPU.Build.0 = Release|Any CPU
		{185320D0-616C-4B8A-A9A7-64ED0500F183}.Debug|Any CPU.ActiveCfg = Debug|Any CPU
		{185320D0-616C-4B8A-A9A7-64ED0500F183}.Debug|Any CPU.Build.0 = Debug|Any CPU
		{185320D0-616C-4B8A-A9A7-64ED0500F183}.Release|Any CPU.ActiveCfg = Release|Any CPU
		{185320D0-616C-4B8A-A9A7-64ED0500F183}.Release|Any CPU.Build.0 = Release|Any CPU
		{4AFC8C9C-5998-492C-8A2C-7906EDFD7EC7}.Debug|Any CPU.ActiveCfg = Debug|Any CPU
		{4AFC8C9C-5998-492C-8A2C-7906EDFD7EC7}.Debug|Any CPU.Build.0 = Debug|Any CPU
		{4AFC8C9C-5998-492C-8A2C-7906EDFD7EC7}.Release|Any CPU.ActiveCfg = Release|Any CPU
		{4AFC8C9C-5998-492C-8A2C-7906EDFD7EC7}.Release|Any CPU.Build.0 = Release|Any CPU
		{56346568-D3BD-4648-9950-752C73E7C58B}.Debug|Any CPU.ActiveCfg = Debug|Any CPU
		{56346568-D3BD-4648-9950-752C73E7C58B}.Debug|Any CPU.Build.0 = Debug|Any CPU
		{56346568-D3BD-4648-9950-752C73E7C58B}.Release|Any CPU.ActiveCfg = Release|Any CPU
		{56346568-D3BD-4648-9950-752C73E7C58B}.Release|Any CPU.Build.0 = Release|Any CPU
		{6543EC32-D808-4BA7-ADC7-263083070AEA}.Debug|Any CPU.ActiveCfg = Debug|Any CPU
		{6543EC32-D808-4BA7-ADC7-263083070AEA}.Debug|Any CPU.Build.0 = Debug|Any CPU
		{6543EC32-D808-4BA7-ADC7-263083070AEA}.Release|Any CPU.ActiveCfg = Release|Any CPU
		{6543EC32-D808-4BA7-ADC7-263083070AEA}.Release|Any CPU.Build.0 = Release|Any CPU
		{58E985A1-1D74-4F1B-9BE6-6C4967A9602D}.Debug|Any CPU.ActiveCfg = Debug|Any CPU
		{58E985A1-1D74-4F1B-9BE6-6C4967A9602D}.Debug|Any CPU.Build.0 = Debug|Any CPU
		{58E985A1-1D74-4F1B-9BE6-6C4967A9602D}.Release|Any CPU.ActiveCfg = Release|Any CPU
		{58E985A1-1D74-4F1B-9BE6-6C4967A9602D}.Release|Any CPU.Build.0 = Release|Any CPU
		{86267B7C-A35D-487A-ABA7-0E66A37A27FC}.Debug|Any CPU.ActiveCfg = Debug|Any CPU
		{86267B7C-A35D-487A-ABA7-0E66A37A27FC}.Debug|Any CPU.Build.0 = Debug|Any CPU
		{86267B7C-A35D-487A-ABA7-0E66A37A27FC}.Release|Any CPU.ActiveCfg = Release|Any CPU
		{86267B7C-A35D-487A-ABA7-0E66A37A27FC}.Release|Any CPU.Build.0 = Release|Any CPU
	EndGlobalSection
	GlobalSection(SolutionProperties) = preSolution
		HideSolutionNode = FALSE
	EndGlobalSection
	GlobalSection(NestedProjects) = preSolution
		{3ED4B99A-72C1-4399-8E35-9969F78080F5} = {29C9DE89-757B-4B5F-A6F5-D05F7B049B63}
		{9ACDF764-09F7-41AE-9306-4250292B3929} = {3ED4B99A-72C1-4399-8E35-9969F78080F5}
		{CD3CA40D-8919-4EF8-B0A3-BEBDA9179355} = {3ED4B99A-72C1-4399-8E35-9969F78080F5}
		{07587CBA-E4A4-417F-A158-04288DDF5786} = {29C9DE89-757B-4B5F-A6F5-D05F7B049B63}
		{6EAD030A-666F-4120-9A44-BCFEFDDEFEC9} = {07587CBA-E4A4-417F-A158-04288DDF5786}
		{9E784025-A005-43EF-8FCF-326C98E65977} = {07587CBA-E4A4-417F-A158-04288DDF5786}
		{F979B0C0-683A-4434-BEDA-95018424C356} = {29C9DE89-757B-4B5F-A6F5-D05F7B049B63}
		{FB31BE9E-8437-4D60-BF36-9DDB2A5A19C3} = {F979B0C0-683A-4434-BEDA-95018424C356}
		{61DB01E5-DCB9-4546-AA0F-BDF8B1B99B98} = {F979B0C0-683A-4434-BEDA-95018424C356}
		{34A2AA6D-13DC-46F1-A52C-FD05596C4BF4} = {29C9DE89-757B-4B5F-A6F5-D05F7B049B63}
		{8AA1FA18-6373-48AA-819C-7460D1761836} = {34A2AA6D-13DC-46F1-A52C-FD05596C4BF4}
		{D553B3B9-5518-4027-A37E-34C3C4020A20} = {29C9DE89-757B-4B5F-A6F5-D05F7B049B63}
		{185320D0-616C-4B8A-A9A7-64ED0500F183} = {D553B3B9-5518-4027-A37E-34C3C4020A20}
		{4AFC8C9C-5998-492C-8A2C-7906EDFD7EC7} = {D553B3B9-5518-4027-A37E-34C3C4020A20}
		{56346568-D3BD-4648-9950-752C73E7C58B} = {F82B6688-5307-4BC6-8433-BAEEA8474B2A}
		{6543EC32-D808-4BA7-ADC7-263083070AEA} = {F82B6688-5307-4BC6-8433-BAEEA8474B2A}
		{58E985A1-1D74-4F1B-9BE6-6C4967A9602D} = {DA385295-009A-46B2-9AD4-FCA948C6FD7F}
	EndGlobalSection
	GlobalSection(ExtensibilityGlobals) = postSolution
		SolutionGuid = {B0ED586A-FE8B-439C-AF88-B60127A3CA40}
	EndGlobalSection
EndGlobal
